
Microsoft Visual Studio Solution File, Format Version 12.00
Project("{FAE04EC0-301F-11D3-BF4B-00C04F79EFBC}") = "MVVMPrivateClinicProjectDesktopApp", "MVVMPrivateClinicProjectDesktopApp\MVVMPrivateClinicProjectDesktopApp.csproj", "{D5B27218-ED58-4C13-89B0-5C45DC84FB4D}"
EndProject
Global
	GlobalSection(SolutionConfigurationPlatforms) = preSolution
		Debug|Any CPU = Debug|Any CPU
		Release|Any CPU = Release|Any CPU
	EndGlobalSection
	GlobalSection(ProjectConfigurationPlatforms) = postSolution
		{D5B27218-ED58-4C13-89B0-5C45DC84FB4D}.Debug|Any CPU.ActiveCfg = Debug|Any CPU
		{D5B27218-ED58-4C13-89B0-5C45DC84FB4D}.Debug|Any CPU.Build.0 = Debug|Any CPU
		{D5B27218-ED58-4C13-89B0-5C45DC84FB4D}.Release|Any CPU.ActiveCfg = Release|Any CPU
		{D5B27218-ED58-4C13-89B0-5C45DC84FB4D}.Release|Any CPU.Build.0 = Release|Any CPU
	EndGlobalSection
EndGlobal
